
Microsoft Visual Studio Solution File, Format Version 12.00
# Visual Studio Version 16
VisualStudioVersion = 16.0.30621.155
MinimumVisualStudioVersion = 10.0.40219.1
Project("{FAE04EC0-301F-11D3-BF4B-00C04F79EFBC}") = "WalkingForRochester.Android", "WalkingForRochester.Android\WalkingForRochester.Android.csproj", "{E68EFDA4-4592-4123-9263-13386CA36F80}"
EndProject
Project("{FAE04EC0-301F-11D3-BF4B-00C04F79EFBC}") = "WalkingForRochester.iOS", "WalkingForRochester.iOS\WalkingForRochester.iOS.csproj", "{A3EAD072-3B9A-4EC2-9BD6-5CDF51C94105}"
EndProject
Project("{FAE04EC0-301F-11D3-BF4B-00C04F79EFBC}") = "WalkingForRochester", "WalkingForRochester\WalkingForRochester.csproj", "{89F8FF5F-5539-4B29-A4C7-197E1D13A952}"
EndProject
Global
	GlobalSection(SolutionConfigurationPlatforms) = preSolution
		Debug|Any CPU = Debug|Any CPU
		Debug|iPhone = Debug|iPhone
		Debug|iPhoneSimulator = Debug|iPhoneSimulator
		Release|Any CPU = Release|Any CPU
		Release|iPhone = Release|iPhone
		Release|iPhoneSimulator = Release|iPhoneSimulator
	EndGlobalSection
	GlobalSection(ProjectConfigurationPlatforms) = postSolution
		{E68EFDA4-4592-4123-9263-13386CA36F80}.Debug|Any CPU.ActiveCfg = Debug|Any CPU
		{E68EFDA4-4592-4123-9263-13386CA36F80}.Debug|Any CPU.Build.0 = Debug|Any CPU
		{E68EFDA4-4592-4123-9263-13386CA36F80}.Debug|Any CPU.Deploy.0 = Debug|Any CPU
		{E68EFDA4-4592-4123-9263-13386CA36F80}.Debug|iPhone.ActiveCfg = Debug|Any CPU
		{E68EFDA4-4592-4123-9263-13386CA36F80}.Debug|iPhone.Build.0 = Debug|Any CPU
		{E68EFDA4-4592-4123-9263-13386CA36F80}.Debug|iPhone.Deploy.0 = Debug|Any CPU
		{E68EFDA4-4592-4123-9263-13386CA36F80}.Debug|iPhoneSimulator.ActiveCfg = Debug|Any CPU
		{E68EFDA4-4592-4123-9263-13386CA36F80}.Debug|iPhoneSimulator.Build.0 = Debug|Any CPU
		{E68EFDA4-4592-4123-9263-13386CA36F80}.Debug|iPhoneSimulator.Deploy.0 = Debug|Any CPU
		{E68EFDA4-4592-4123-9263-13386CA36F80}.Release|Any CPU.ActiveCfg = Release|Any CPU
		{E68EFDA4-4592-4123-9263-13386CA36F80}.Release|Any CPU.Build.0 = Release|Any CPU
		{E68EFDA4-4592-4123-9263-13386CA36F80}.Release|Any CPU.Deploy.0 = Release|Any CPU
		{E68EFDA4-4592-4123-9263-13386CA36F80}.Release|iPhone.ActiveCfg = Release|Any CPU
		{E68EFDA4-4592-4123-9263-13386CA36F80}.Release|iPhone.Build.0 = Release|Any CPU
		{E68EFDA4-4592-4123-9263-13386CA36F80}.Release|iPhone.Deploy.0 = Release|Any CPU
		{E68EFDA4-4592-4123-9263-13386CA36F80}.Release|iPhoneSimulator.ActiveCfg = Release|Any CPU
		{E68EFDA4-4592-4123-9263-13386CA36F80}.Release|iPhoneSimulator.Build.0 = Release|Any CPU
		{E68EFDA4-4592-4123-9263-13386CA36F80}.Release|iPhoneSimulator.Deploy.0 = Release|Any CPU
		{A3EAD072-3B9A-4EC2-9BD6-5CDF51C94105}.Debug|Any CPU.ActiveCfg = Debug|iPhone
		{A3EAD072-3B9A-4EC2-9BD6-5CDF51C94105}.Debug|Any CPU.Build.0 = Debug|iPhone
		{A3EAD072-3B9A-4EC2-9BD6-5CDF51C94105}.Debug|Any CPU.Deploy.0 = Debug|iPhone
		{A3EAD072-3B9A-4EC2-9BD6-5CDF51C94105}.Debug|iPhone.ActiveCfg = Debug|iPhone
		{A3EAD072-3B9A-4EC2-9BD6-5CDF51C94105}.Debug|iPhone.Build.0 = Debug|iPhone
		{A3EAD072-3B9A-4EC2-9BD6-5CDF51C94105}.Debug|iPhone.Deploy.0 = Debug|iPhone
		{A3EAD072-3B9A-4EC2-9BD6-5CDF51C94105}.Debug|iPhoneSimulator.ActiveCfg = Debug|iPhoneSimulator
		{A3EAD072-3B9A-4EC2-9BD6-5CDF51C94105}.Debug|iPhoneSimulator.Build.0 = Debug|iPhoneSimulator
		{A3EAD072-3B9A-4EC2-9BD6-5CDF51C94105}.Debug|iPhoneSimulator.Deploy.0 = Debug|iPhoneSimulator
		{A3EAD072-3B9A-4EC2-9BD6-5CDF51C94105}.Release|Any CPU.ActiveCfg = Release|iPhoneSimulator
		{A3EAD072-3B9A-4EC2-9BD6-5CDF51C94105}.Release|Any CPU.Build.0 = Release|iPhoneSimulator
		{A3EAD072-3B9A-4EC2-9BD6-5CDF51C94105}.Release|Any CPU.Deploy.0 = Release|iPhoneSimulator
		{A3EAD072-3B9A-4EC2-9BD6-5CDF51C94105}.Release|iPhone.ActiveCfg = Release|iPhone
		{A3EAD072-3B9A-4EC2-9BD6-5CDF51C94105}.Release|iPhone.Build.0 = Release|iPhone
		{A3EAD072-3B9A-4EC2-9BD6-5CDF51C94105}.Release|iPhone.Deploy.0 = Release|iPhone
		{A3EAD072-3B9A-4EC2-9BD6-5CDF51C94105}.Release|iPhoneSimulator.ActiveCfg = Release|iPhoneSimulator
		{A3EAD072-3B9A-4EC2-9BD6-5CDF51C94105}.Release|iPhoneSimulator.Build.0 = Release|iPhoneSimulator
		{A3EAD072-3B9A-4EC2-9BD6-5CDF51C94105}.Release|iPhoneSimulator.Deploy.0 = Release|iPhoneSimulator
		{89F8FF5F-5539-4B29-A4C7-197E1D13A952}.Debug|Any CPU.ActiveCfg = Debug|Any CPU
		{89F8FF5F-5539-4B29-A4C7-197E1D13A952}.Debug|Any CPU.Build.0 = Debug|Any CPU
		{89F8FF5F-5539-4B29-A4C7-197E1D13A952}.Debug|Any CPU.Deploy.0 = Debug|Any CPU
		{89F8FF5F-5539-4B29-A4C7-197E1D13A952}.Debug|iPhone.ActiveCfg = Debug|Any CPU
		{89F8FF5F-5539-4B29-A4C7-197E1D13A952}.Debug|iPhone.Build.0 = Debug|Any CPU
		{89F8FF5F-5539-4B29-A4C7-197E1D13A952}.Debug|iPhone.Deploy.0 = Debug|Any CPU
		{89F8FF5F-5539-4B29-A4C7-197E1D13A952}.Debug|iPhoneSimulator.ActiveCfg = Debug|Any CPU
		{89F8FF5F-5539-4B29-A4C7-197E1D13A952}.Debug|iPhoneSimulator.Build.0 = Debug|Any CPU
		{89F8FF5F-5539-4B29-A4C7-197E1D13A952}.Debug|iPhoneSimulator.Deploy.0 = Debug|Any CPU
		{89F8FF5F-5539-4B29-A4C7-197E1D13A952}.Release|Any CPU.ActiveCfg = Release|Any CPU
		{89F8FF5F-5539-4B29-A4C7-197E1D13A952}.Release|Any CPU.Build.0 = Release|Any CPU
		{89F8FF5F-5539-4B29-A4C7-197E1D13A952}.Release|Any CPU.Deploy.0 = Release|Any CPU
		{89F8FF5F-5539-4B29-A4C7-197E1D13A952}.Release|iPhone.ActiveCfg = Release|Any CPU
		{89F8FF5F-5539-4B29-A4C7-197E1D13A952}.Release|iPhone.Build.0 = Release|Any CPU
		{89F8FF5F-5539-4B29-A4C7-197E1D13A952}.Release|iPhone.Deploy.0 = Release|Any CPU
		{89F8FF5F-5539-4B29-A4C7-197E1D13A952}.Release|iPhoneSimulator.ActiveCfg = Release|Any CPU
		{89F8FF5F-5539-4B29-A4C7-197E1D13A952}.Release|iPhoneSimulator.Build.0 = Release|Any CPU
		{89F8FF5F-5539-4B29-A4C7-197E1D13A952}.Release|iPhoneSimulator.Deploy.0 = Release|Any CPU
	EndGlobalSection
	GlobalSection(SolutionProperties) = preSolution
		HideSolutionNode = FALSE
	EndGlobalSection
	GlobalSection(ExtensibilityGlobals) = postSolution
		SolutionGuid = {8E2FE3A3-557C-4771-BEB0-6030171A37F6}
	EndGlobalSection
EndGlobal
